
Microsoft Visual Studio Solution File, Format Version 12.00
# Visual Studio Version 17
VisualStudioVersion = 17.5.33414.496
MinimumVisualStudioVersion = 10.0.40219.1
Project("{9A19103F-16F7-4668-BE54-9A1E7A4F7556}") = "Api-Agendate-App", "Api-Agendate-App\Api-Agendate-App.csproj", "{AACD6DD7-F8A2-4823-B68B-0E299D496B61}"
EndProject
Project("{9A19103F-16F7-4668-BE54-9A1E7A4F7556}") = "Logic", "Logic\Logic\Logic.csproj", "{47F992F6-AE59-4019-BF46-DDD7D3FE3088}"
EndProject
Project("{9A19103F-16F7-4668-BE54-9A1E7A4F7556}") = "Repositorio", "Repositorio\Repositorio.csproj", "{737F7B5D-86FC-4B85-AA5F-14ADF74CEE3C}"
EndProject
Project("{FAE04EC0-301F-11D3-BF4B-00C04F79EFBC}") = "Tests", "Tests\Tests.csproj", "{50BE21B1-D904-40E1-A03F-3CCFD3B44306}"
EndProject
Global
	GlobalSection(SolutionConfigurationPlatforms) = preSolution
		Debug|Any CPU = Debug|Any CPU
		Release|Any CPU = Release|Any CPU
	EndGlobalSection
	GlobalSection(ProjectConfigurationPlatforms) = postSolution
		{AACD6DD7-F8A2-4823-B68B-0E299D496B61}.Debug|Any CPU.ActiveCfg = Debug|Any CPU
		{AACD6DD7-F8A2-4823-B68B-0E299D496B61}.Debug|Any CPU.Build.0 = Debug|Any CPU
		{AACD6DD7-F8A2-4823-B68B-0E299D496B61}.Release|Any CPU.ActiveCfg = Release|Any CPU
		{AACD6DD7-F8A2-4823-B68B-0E299D496B61}.Release|Any CPU.Build.0 = Release|Any CPU
		{47F992F6-AE59-4019-BF46-DDD7D3FE3088}.Debug|Any CPU.ActiveCfg = Debug|Any CPU
		{47F992F6-AE59-4019-BF46-DDD7D3FE3088}.Debug|Any CPU.Build.0 = Debug|Any CPU
		{47F992F6-AE59-4019-BF46-DDD7D3FE3088}.Release|Any CPU.ActiveCfg = Release|Any CPU
		{47F992F6-AE59-4019-BF46-DDD7D3FE3088}.Release|Any CPU.Build.0 = Release|Any CPU
		{737F7B5D-86FC-4B85-AA5F-14ADF74CEE3C}.Debug|Any CPU.ActiveCfg = Debug|Any CPU
		{737F7B5D-86FC-4B85-AA5F-14ADF74CEE3C}.Debug|Any CPU.Build.0 = Debug|Any CPU
		{737F7B5D-86FC-4B85-AA5F-14ADF74CEE3C}.Release|Any CPU.ActiveCfg = Release|Any CPU
		{737F7B5D-86FC-4B85-AA5F-14ADF74CEE3C}.Release|Any CPU.Build.0 = Release|Any CPU
		{50BE21B1-D904-40E1-A03F-3CCFD3B44306}.Debug|Any CPU.ActiveCfg = Debug|Any CPU
		{50BE21B1-D904-40E1-A03F-3CCFD3B44306}.Debug|Any CPU.Build.0 = Debug|Any CPU
		{50BE21B1-D904-40E1-A03F-3CCFD3B44306}.Release|Any CPU.ActiveCfg = Release|Any CPU
		{50BE21B1-D904-40E1-A03F-3CCFD3B44306}.Release|Any CPU.Build.0 = Release|Any CPU
	EndGlobalSection
	GlobalSection(SolutionProperties) = preSolution
		HideSolutionNode = FALSE
	EndGlobalSection
	GlobalSection(ExtensibilityGlobals) = postSolution
		SolutionGuid = {0E0B7A58-0E1C-498C-8225-E6D11C611BE0}
	EndGlobalSection
EndGlobal
